
Microsoft Visual Studio Solution File, Format Version 12.00
# Visual Studio Version 16
VisualStudioVersion = 16.0.30804.86
MinimumVisualStudioVersion = 10.0.40219.1
Project("{FAE04EC0-301F-11D3-BF4B-00C04F79EFBC}") = "Radzen.Blazor.Sample", "Radzen.Blazor.Sample\Radzen.Blazor.Sample.csproj", "{24D07868-5B16-4046-B594-1C5EC35E29DB}"
EndProject
Global
	GlobalSection(SolutionConfigurationPlatforms) = preSolution
		Debug|Any CPU = Debug|Any CPU
		Release|Any CPU = Release|Any CPU
	EndGlobalSection
	GlobalSection(ProjectConfigurationPlatforms) = postSolution
		{24D07868-5B16-4046-B594-1C5EC35E29DB}.Debug|Any CPU.ActiveCfg = Debug|Any CPU
		{24D07868-5B16-4046-B594-1C5EC35E29DB}.Debug|Any CPU.Build.0 = Debug|Any CPU
		{24D07868-5B16-4046-B594-1C5EC35E29DB}.Release|Any CPU.ActiveCfg = Release|Any CPU
		{24D07868-5B16-4046-B594-1C5EC35E29DB}.Release|Any CPU.Build.0 = Release|Any CPU
	EndGlobalSection
	GlobalSection(SolutionProperties) = preSolution
		HideSolutionNode = FALSE
	EndGlobalSection
	GlobalSection(ExtensibilityGlobals) = postSolution
		SolutionGuid = {75DF910E-7216-4808-9957-5C826A8DB64A}
	EndGlobalSection
EndGlobal
